
Microsoft Visual Studio Solution File, Format Version 12.00
#
Project("{2150E333-8FDC-42A3-9474-1A3956D46DE8}") = "src", "src", "{3E238BA4-0B1D-453B-B2ED-807351588F1D}"
	ProjectSection(SolutionItems) = preProject
		README.md = README.md
	EndProjectSection
EndProject
Project("{FAE04EC0-301F-11D3-BF4B-00C04F79EFBC}") = "BinanceDataCollector.DataManager", "src\BinanceDataCollector.DataManager\BinanceDataCollector.DataManager.csproj", "{71A30FF4-77A8-49E5-B552-DCDD77F9E95A}"
EndProject
Project("{FAE04EC0-301F-11D3-BF4B-00C04F79EFBC}") = "BinanceDataCollector.MarketScreenService", "src\BinanceDataCollector.MarketScreenService\BinanceDataCollector.MarketScreenService.csproj", "{69331109-1937-4911-9F32-5FF0420F1936}"
EndProject
Project("{FAE04EC0-301F-11D3-BF4B-00C04F79EFBC}") = "BinanceDataCollector.Symbols", "src\BinanceDataCollector.Symbols\BinanceDataCollector.Symbols.csproj", "{80A4A8EE-F99F-447A-B469-4C40F388B0DC}"
EndProject
Project("{FAE04EC0-301F-11D3-BF4B-00C04F79EFBC}") = "BinanceDataCollector.Domain", "src\BinanceDataCollector.Domain\BinanceDataCollector.Domain.csproj", "{FFA32857-4E17-4F55-895E-EB910EC01783}"
EndProject
Project("{FAE04EC0-301F-11D3-BF4B-00C04F79EFBC}") = "BinanceDataCollector.Worker", "src\BinanceDataCollector.Worker\BinanceDataCollector.Worker.csproj", "{0A5B2340-AFE4-4998-A672-DCA93578C5A4}"
EndProject
Project("{FAE04EC0-301F-11D3-BF4B-00C04F79EFBC}") = "BinanceDataCollector.Application", "src\BinanceDataCollector.Application\BinanceDataCollector.Application.csproj", "{CDFDA90B-752E-4F5D-BC79-737B84426271}"
EndProject
Project("{FAE04EC0-301F-11D3-BF4B-00C04F79EFBC}") = "BinanceDataCollector.Infrastructure", "src\BinanceDataCollector.Infrastructure\BinanceDataCollector.Infrastructure.csproj", "{D522D957-FCE5-4A9D-816B-CCBD2A9B9BCA}"
EndProject
Project("{2150E333-8FDC-42A3-9474-1A3956D46DE8}") = "tests", "tests", "{00059B22-FB30-4384-8EE7-CED1F3EF3E4D}"
EndProject
Project("{FAE04EC0-301F-11D3-BF4B-00C04F79EFBC}") = "BinanceDataCollector.Application.Tests", "tests\BinanceDataCollector.Application.Tests\BinanceDataCollector.Application.Tests.csproj", "{B468FED0-0661-4D41-9F11-BBC8A4846EBD}"
EndProject
Project("{FAE04EC0-301F-11D3-BF4B-00C04F79EFBC}") = "BinanceDataCollector.Worker.Tests", "tests\BinanceDataCollector.Worker.Tests\BinanceDataCollector.Worker.Tests.csproj", "{E00CEFA3-A092-4F04-8665-C4B89B6C888A}"
EndProject
Project("{FAE04EC0-301F-11D3-BF4B-00C04F79EFBC}") = "BinanceDataCollector.Infrastructure.Tests", "tests\BinanceDataCollector.Infrastructure.Tests\BinanceDataCollector.Infrastructure.Tests.csproj", "{9FCF9578-A5F2-4D08-99A4-A4DDBCE0CFD3}"
EndProject
Project("{FAE04EC0-301F-11D3-BF4B-00C04F79EFBC}") = "BinanceDataCollector.Domain.Tests", "tests\BinanceDataCollector.Domain.Tests\BinanceDataCollector.Domain.Tests.csproj", "{D17F7825-7FB8-4AEC-92A8-1870FA04DB63}"
EndProject
Global
	GlobalSection(SolutionConfigurationPlatforms) = preSolution
		Debug|Any CPU = Debug|Any CPU
		Release|Any CPU = Release|Any CPU
	EndGlobalSection
	GlobalSection(ProjectConfigurationPlatforms) = postSolution
		{71A30FF4-77A8-49E5-B552-DCDD77F9E95A}.Debug|Any CPU.ActiveCfg = Debug|Any CPU
		{71A30FF4-77A8-49E5-B552-DCDD77F9E95A}.Debug|Any CPU.Build.0 = Debug|Any CPU
		{71A30FF4-77A8-49E5-B552-DCDD77F9E95A}.Release|Any CPU.ActiveCfg = Release|Any CPU
		{71A30FF4-77A8-49E5-B552-DCDD77F9E95A}.Release|Any CPU.Build.0 = Release|Any CPU
		{69331109-1937-4911-9F32-5FF0420F1936}.Debug|Any CPU.ActiveCfg = Debug|Any CPU
		{69331109-1937-4911-9F32-5FF0420F1936}.Debug|Any CPU.Build.0 = Debug|Any CPU
		{69331109-1937-4911-9F32-5FF0420F1936}.Release|Any CPU.ActiveCfg = Release|Any CPU
		{69331109-1937-4911-9F32-5FF0420F1936}.Release|Any CPU.Build.0 = Release|Any CPU
		{80A4A8EE-F99F-447A-B469-4C40F388B0DC}.Debug|Any CPU.ActiveCfg = Debug|Any CPU
		{80A4A8EE-F99F-447A-B469-4C40F388B0DC}.Debug|Any CPU.Build.0 = Debug|Any CPU
		{80A4A8EE-F99F-447A-B469-4C40F388B0DC}.Release|Any CPU.ActiveCfg = Release|Any CPU
		{80A4A8EE-F99F-447A-B469-4C40F388B0DC}.Release|Any CPU.Build.0 = Release|Any CPU
		{FFA32857-4E17-4F55-895E-EB910EC01783}.Debug|Any CPU.ActiveCfg = Debug|Any CPU
		{FFA32857-4E17-4F55-895E-EB910EC01783}.Debug|Any CPU.Build.0 = Debug|Any CPU
		{FFA32857-4E17-4F55-895E-EB910EC01783}.Release|Any CPU.ActiveCfg = Release|Any CPU
		{FFA32857-4E17-4F55-895E-EB910EC01783}.Release|Any CPU.Build.0 = Release|Any CPU
		{0A5B2340-AFE4-4998-A672-DCA93578C5A4}.Debug|Any CPU.ActiveCfg = Debug|Any CPU
		{0A5B2340-AFE4-4998-A672-DCA93578C5A4}.Debug|Any CPU.Build.0 = Debug|Any CPU
		{0A5B2340-AFE4-4998-A672-DCA93578C5A4}.Release|Any CPU.ActiveCfg = Release|Any CPU
		{0A5B2340-AFE4-4998-A672-DCA93578C5A4}.Release|Any CPU.Build.0 = Release|Any CPU
		{CDFDA90B-752E-4F5D-BC79-737B84426271}.Debug|Any CPU.ActiveCfg = Debug|Any CPU
		{CDFDA90B-752E-4F5D-BC79-737B84426271}.Debug|Any CPU.Build.0 = Debug|Any CPU
		{CDFDA90B-752E-4F5D-BC79-737B84426271}.Release|Any CPU.ActiveCfg = Release|Any CPU
		{CDFDA90B-752E-4F5D-BC79-737B84426271}.Release|Any CPU.Build.0 = Release|Any CPU
		{D522D957-FCE5-4A9D-816B-CCBD2A9B9BCA}.Debug|Any CPU.ActiveCfg = Debug|Any CPU
		{D522D957-FCE5-4A9D-816B-CCBD2A9B9BCA}.Debug|Any CPU.Build.0 = Debug|Any CPU
		{D522D957-FCE5-4A9D-816B-CCBD2A9B9BCA}.Release|Any CPU.ActiveCfg = Release|Any CPU
		{D522D957-FCE5-4A9D-816B-CCBD2A9B9BCA}.Release|Any CPU.Build.0 = Release|Any CPU
		{B468FED0-0661-4D41-9F11-BBC8A4846EBD}.Debug|Any CPU.ActiveCfg = Debug|Any CPU
		{B468FED0-0661-4D41-9F11-BBC8A4846EBD}.Debug|Any CPU.Build.0 = Debug|Any CPU
		{B468FED0-0661-4D41-9F11-BBC8A4846EBD}.Release|Any CPU.ActiveCfg = Release|Any CPU
		{B468FED0-0661-4D41-9F11-BBC8A4846EBD}.Release|Any CPU.Build.0 = Release|Any CPU
		{E00CEFA3-A092-4F04-8665-C4B89B6C888A}.Debug|Any CPU.ActiveCfg = Debug|Any CPU
		{E00CEFA3-A092-4F04-8665-C4B89B6C888A}.Debug|Any CPU.Build.0 = Debug|Any CPU
		{E00CEFA3-A092-4F04-8665-C4B89B6C888A}.Release|Any CPU.ActiveCfg = Release|Any CPU
		{E00CEFA3-A092-4F04-8665-C4B89B6C888A}.Release|Any CPU.Build.0 = Release|Any CPU
		{9FCF9578-A5F2-4D08-99A4-A4DDBCE0CFD3}.Debug|Any CPU.ActiveCfg = Debug|Any CPU
		{9FCF9578-A5F2-4D08-99A4-A4DDBCE0CFD3}.Debug|Any CPU.Build.0 = Debug|Any CPU
		{9FCF9578-A5F2-4D08-99A4-A4DDBCE0CFD3}.Release|Any CPU.ActiveCfg = Release|Any CPU
		{9FCF9578-A5F2-4D08-99A4-A4DDBCE0CFD3}.Release|Any CPU.Build.0 = Release|Any CPU
		{D17F7825-7FB8-4AEC-92A8-1870FA04DB63}.Debug|Any CPU.ActiveCfg = Debug|Any CPU
		{D17F7825-7FB8-4AEC-92A8-1870FA04DB63}.Debug|Any CPU.Build.0 = Debug|Any CPU
		{D17F7825-7FB8-4AEC-92A8-1870FA04DB63}.Release|Any CPU.ActiveCfg = Release|Any CPU
		{D17F7825-7FB8-4AEC-92A8-1870FA04DB63}.Release|Any CPU.Build.0 = Release|Any CPU
	EndGlobalSection
	GlobalSection(NestedProjects) = preSolution
		{71A30FF4-77A8-49E5-B552-DCDD77F9E95A} = {3E238BA4-0B1D-453B-B2ED-807351588F1D}
		{69331109-1937-4911-9F32-5FF0420F1936} = {3E238BA4-0B1D-453B-B2ED-807351588F1D}
		{80A4A8EE-F99F-447A-B469-4C40F388B0DC} = {3E238BA4-0B1D-453B-B2ED-807351588F1D}
		{FFA32857-4E17-4F55-895E-EB910EC01783} = {3E238BA4-0B1D-453B-B2ED-807351588F1D}
		{0A5B2340-AFE4-4998-A672-DCA93578C5A4} = {3E238BA4-0B1D-453B-B2ED-807351588F1D}
		{CDFDA90B-752E-4F5D-BC79-737B84426271} = {3E238BA4-0B1D-453B-B2ED-807351588F1D}
		{D522D957-FCE5-4A9D-816B-CCBD2A9B9BCA} = {3E238BA4-0B1D-453B-B2ED-807351588F1D}
		{B468FED0-0661-4D41-9F11-BBC8A4846EBD} = {00059B22-FB30-4384-8EE7-CED1F3EF3E4D}
		{E00CEFA3-A092-4F04-8665-C4B89B6C888A} = {00059B22-FB30-4384-8EE7-CED1F3EF3E4D}
		{9FCF9578-A5F2-4D08-99A4-A4DDBCE0CFD3} = {00059B22-FB30-4384-8EE7-CED1F3EF3E4D}
		{D17F7825-7FB8-4AEC-92A8-1870FA04DB63} = {00059B22-FB30-4384-8EE7-CED1F3EF3E4D}
	EndGlobalSection
EndGlobal
